
Microsoft Visual Studio Solution File, Format Version 12.00
# Visual Studio Version 17
VisualStudioVersion = 17.0.31919.166
MinimumVisualStudioVersion = 10.0.40219.1
Project("{2150E333-8FDC-42A3-9474-1A3956D46DE8}") = "CORE", "CORE", "{0D6DE8A3-0CC6-4A1A-97A1-64F420940284}"
EndProject
Project("{2150E333-8FDC-42A3-9474-1A3956D46DE8}") = "SERVICES", "SERVICES", "{9280DA38-4659-4BE1-B88A-4A7307F32729}"
EndProject
Project("{2150E333-8FDC-42A3-9474-1A3956D46DE8}") = "WEB", "WEB", "{5067D3E1-8F2C-4853-9EC5-A05C843644C7}"
EndProject
Project("{2150E333-8FDC-42A3-9474-1A3956D46DE8}") = "Identidade", "Identidade", "{E834D017-E1DC-4397-9434-D9C1B4E9ED58}"
EndProject
Project("{FAE04EC0-301F-11D3-BF4B-00C04F79EFBC}") = "NerdStore.Identidade.Api", "src\services\NerdStore.Identidade.Api\NerdStore.Identidade.Api.csproj", "{599DA73E-6DBD-460D-B373-F5D746D5BA2A}"
EndProject
Project("{2150E333-8FDC-42A3-9474-1A3956D46DE8}") = "MVC", "MVC", "{A2C0A7A5-3EBD-4367-85D0-99CECF4A361A}"
EndProject
Project("{FAE04EC0-301F-11D3-BF4B-00C04F79EFBC}") = "NerdStore.Core", "src\core\NerdStore.Core\NerdStore.Core.csproj", "{8D450C7E-E942-41BE-BBB5-6129F377F2FD}"
EndProject
Project("{FAE04EC0-301F-11D3-BF4B-00C04F79EFBC}") = "NerdStore.Loja.Mvc", "src\web\mvc\NerdStore.Loja.Mvc\NerdStore.Loja.Mvc.csproj", "{808C7DB8-423C-4AA6-81F5-CB983526D02D}"
EndProject
Project("{2150E333-8FDC-42A3-9474-1A3956D46DE8}") = "Carrinho", "Carrinho", "{06D0E25E-AB02-4DA0-B230-3625E9B60B8E}"
EndProject
Project("{2150E333-8FDC-42A3-9474-1A3956D46DE8}") = "Catalogo", "Catalogo", "{F8E1E82C-907E-4406-9F9A-CEDAC711CA20}"
EndProject
Project("{2150E333-8FDC-42A3-9474-1A3956D46DE8}") = "Cliente", "Cliente", "{7778A744-2D24-4DF9-BBB3-9D0FCC244A5B}"
EndProject
Project("{2150E333-8FDC-42A3-9474-1A3956D46DE8}") = "Pagamento", "Pagamento", "{C9729AEC-9416-41A7-8FD0-34E51B62A745}"
EndProject
Project("{2150E333-8FDC-42A3-9474-1A3956D46DE8}") = "Pedido", "Pedido", "{9E20B72E-B559-4DC3-ACC6-4DD1515D9A76}"
EndProject
Project("{FAE04EC0-301F-11D3-BF4B-00C04F79EFBC}") = "NerdStore.Carrinho.Api", "src\services\NerdStore.Carrinho.Api\NerdStore.Carrinho.Api.csproj", "{F5EFE6F4-DF4F-4B87-9ECF-EBEAD599E8F0}"
EndProject
Project("{FAE04EC0-301F-11D3-BF4B-00C04F79EFBC}") = "NerdStore.Catalogo.Api", "src\services\NerdStore.Catalogo.Api\NerdStore.Catalogo.Api.csproj", "{E0031314-0797-49E4-B85A-307738B4B7DD}"
EndProject
Project("{FAE04EC0-301F-11D3-BF4B-00C04F79EFBC}") = "NerdStore.Cliente.Api", "src\services\NerdStore.Cliente.Api\NerdStore.Cliente.Api.csproj", "{BFF61725-6F2C-427D-8F51-5A7DC6395324}"
EndProject
Project("{FAE04EC0-301F-11D3-BF4B-00C04F79EFBC}") = "NerdStore.Pagamento.Api", "src\services\NerdStore.Pagamento.Api\NerdStore.Pagamento.Api.csproj", "{35FDE492-0F24-4967-AB29-380514534130}"
EndProject
Project("{FAE04EC0-301F-11D3-BF4B-00C04F79EFBC}") = "NerdStore.Pedido.Api", "src\services\NerdStore.Pedido.Api\NerdStore.Pedido.Api.csproj", "{0538D6CC-F1F6-4394-B690-63735C31CD2A}"
EndProject
Global
	GlobalSection(SolutionConfigurationPlatforms) = preSolution
		Debug|Any CPU = Debug|Any CPU
		Release|Any CPU = Release|Any CPU
	EndGlobalSection
	GlobalSection(ProjectConfigurationPlatforms) = postSolution
		{599DA73E-6DBD-460D-B373-F5D746D5BA2A}.Debug|Any CPU.ActiveCfg = Debug|Any CPU
		{599DA73E-6DBD-460D-B373-F5D746D5BA2A}.Debug|Any CPU.Build.0 = Debug|Any CPU
		{599DA73E-6DBD-460D-B373-F5D746D5BA2A}.Release|Any CPU.ActiveCfg = Release|Any CPU
		{599DA73E-6DBD-460D-B373-F5D746D5BA2A}.Release|Any CPU.Build.0 = Release|Any CPU
		{8D450C7E-E942-41BE-BBB5-6129F377F2FD}.Debug|Any CPU.ActiveCfg = Debug|Any CPU
		{8D450C7E-E942-41BE-BBB5-6129F377F2FD}.Debug|Any CPU.Build.0 = Debug|Any CPU
		{8D450C7E-E942-41BE-BBB5-6129F377F2FD}.Release|Any CPU.ActiveCfg = Release|Any CPU
		{8D450C7E-E942-41BE-BBB5-6129F377F2FD}.Release|Any CPU.Build.0 = Release|Any CPU
		{808C7DB8-423C-4AA6-81F5-CB983526D02D}.Debug|Any CPU.ActiveCfg = Debug|Any CPU
		{808C7DB8-423C-4AA6-81F5-CB983526D02D}.Debug|Any CPU.Build.0 = Debug|Any CPU
		{808C7DB8-423C-4AA6-81F5-CB983526D02D}.Release|Any CPU.ActiveCfg = Release|Any CPU
		{808C7DB8-423C-4AA6-81F5-CB983526D02D}.Release|Any CPU.Build.0 = Release|Any CPU
		{F5EFE6F4-DF4F-4B87-9ECF-EBEAD599E8F0}.Debug|Any CPU.ActiveCfg = Debug|Any CPU
		{F5EFE6F4-DF4F-4B87-9ECF-EBEAD599E8F0}.Debug|Any CPU.Build.0 = Debug|Any CPU
		{F5EFE6F4-DF4F-4B87-9ECF-EBEAD599E8F0}.Release|Any CPU.ActiveCfg = Release|Any CPU
		{F5EFE6F4-DF4F-4B87-9ECF-EBEAD599E8F0}.Release|Any CPU.Build.0 = Release|Any CPU
		{E0031314-0797-49E4-B85A-307738B4B7DD}.Debug|Any CPU.ActiveCfg = Debug|Any CPU
		{E0031314-0797-49E4-B85A-307738B4B7DD}.Debug|Any CPU.Build.0 = Debug|Any CPU
		{E0031314-0797-49E4-B85A-307738B4B7DD}.Release|Any CPU.ActiveCfg = Release|Any CPU
		{E0031314-0797-49E4-B85A-307738B4B7DD}.Release|Any CPU.Build.0 = Release|Any CPU
		{BFF61725-6F2C-427D-8F51-5A7DC6395324}.Debug|Any CPU.ActiveCfg = Debug|Any CPU
		{BFF61725-6F2C-427D-8F51-5A7DC6395324}.Debug|Any CPU.Build.0 = Debug|Any CPU
		{BFF61725-6F2C-427D-8F51-5A7DC6395324}.Release|Any CPU.ActiveCfg = Release|Any CPU
		{BFF61725-6F2C-427D-8F51-5A7DC6395324}.Release|Any CPU.Build.0 = Release|Any CPU
		{35FDE492-0F24-4967-AB29-380514534130}.Debug|Any CPU.ActiveCfg = Debug|Any CPU
		{35FDE492-0F24-4967-AB29-380514534130}.Debug|Any CPU.Build.0 = Debug|Any CPU
		{35FDE492-0F24-4967-AB29-380514534130}.Release|Any CPU.ActiveCfg = Release|Any CPU
		{35FDE492-0F24-4967-AB29-380514534130}.Release|Any CPU.Build.0 = Release|Any CPU
		{0538D6CC-F1F6-4394-B690-63735C31CD2A}.Debug|Any CPU.ActiveCfg = Debug|Any CPU
		{0538D6CC-F1F6-4394-B690-63735C31CD2A}.Debug|Any CPU.Build.0 = Debug|Any CPU
		{0538D6CC-F1F6-4394-B690-63735C31CD2A}.Release|Any CPU.ActiveCfg = Release|Any CPU
		{0538D6CC-F1F6-4394-B690-63735C31CD2A}.Release|Any CPU.Build.0 = Release|Any CPU
	EndGlobalSection
	GlobalSection(SolutionProperties) = preSolution
		HideSolutionNode = FALSE
	EndGlobalSection
	GlobalSection(NestedProjects) = preSolution
		{E834D017-E1DC-4397-9434-D9C1B4E9ED58} = {9280DA38-4659-4BE1-B88A-4A7307F32729}
		{599DA73E-6DBD-460D-B373-F5D746D5BA2A} = {E834D017-E1DC-4397-9434-D9C1B4E9ED58}
		{A2C0A7A5-3EBD-4367-85D0-99CECF4A361A} = {5067D3E1-8F2C-4853-9EC5-A05C843644C7}
		{8D450C7E-E942-41BE-BBB5-6129F377F2FD} = {0D6DE8A3-0CC6-4A1A-97A1-64F420940284}
		{808C7DB8-423C-4AA6-81F5-CB983526D02D} = {A2C0A7A5-3EBD-4367-85D0-99CECF4A361A}
		{06D0E25E-AB02-4DA0-B230-3625E9B60B8E} = {9280DA38-4659-4BE1-B88A-4A7307F32729}
		{F8E1E82C-907E-4406-9F9A-CEDAC711CA20} = {9280DA38-4659-4BE1-B88A-4A7307F32729}
		{7778A744-2D24-4DF9-BBB3-9D0FCC244A5B} = {9280DA38-4659-4BE1-B88A-4A7307F32729}
		{C9729AEC-9416-41A7-8FD0-34E51B62A745} = {9280DA38-4659-4BE1-B88A-4A7307F32729}
		{9E20B72E-B559-4DC3-ACC6-4DD1515D9A76} = {9280DA38-4659-4BE1-B88A-4A7307F32729}
		{F5EFE6F4-DF4F-4B87-9ECF-EBEAD599E8F0} = {06D0E25E-AB02-4DA0-B230-3625E9B60B8E}
		{E0031314-0797-49E4-B85A-307738B4B7DD} = {F8E1E82C-907E-4406-9F9A-CEDAC711CA20}
		{BFF61725-6F2C-427D-8F51-5A7DC6395324} = {7778A744-2D24-4DF9-BBB3-9D0FCC244A5B}
		{35FDE492-0F24-4967-AB29-380514534130} = {C9729AEC-9416-41A7-8FD0-34E51B62A745}
		{0538D6CC-F1F6-4394-B690-63735C31CD2A} = {9E20B72E-B559-4DC3-ACC6-4DD1515D9A76}
	EndGlobalSection
	GlobalSection(ExtensibilityGlobals) = postSolution
		SolutionGuid = {E5A70061-4C98-4C43-BD76-0F5B9F05E32C}
	EndGlobalSection
EndGlobal
